
Microsoft Visual Studio Solution File, Format Version 12.00
# Visual Studio Version 16
VisualStudioVersion = 16.0.34407.143
MinimumVisualStudioVersion = 10.0.40219.1
Project("{FAE04EC0-301F-11D3-BF4B-00C04F79EFBC}") = "CDS", "CDS\CDS.csproj", "{65019B09-E5E8-482B-B35A-94F4BADF2D04}"
EndProject
Project("{FAE04EC0-301F-11D3-BF4B-00C04F79EFBC}") = "ConfigurationTests", "ConfigurationTests\ConfigurationTests.csproj", "{69470010-A159-4C75-82E5-5B3F1F4EB317}"
EndProject
Global
	GlobalSection(SolutionConfigurationPlatforms) = preSolution
		Debug|Any CPU = Debug|Any CPU
		Debug|ARM = Debug|ARM
		Debug|ARM64 = Debug|ARM64
		Debug|x64 = Debug|x64
		Debug|x86 = Debug|x86
		Release|Any CPU = Release|Any CPU
		Release|ARM = Release|ARM
		Release|ARM64 = Release|ARM64
		Release|x64 = Release|x64
		Release|x86 = Release|x86
	EndGlobalSection
	GlobalSection(ProjectConfigurationPlatforms) = postSolution
		{65019B09-E5E8-482B-B35A-94F4BADF2D04}.Debug|Any CPU.ActiveCfg = Debug|Any CPU
		{65019B09-E5E8-482B-B35A-94F4BADF2D04}.Debug|Any CPU.Build.0 = Debug|Any CPU
		{65019B09-E5E8-482B-B35A-94F4BADF2D04}.Debug|ARM.ActiveCfg = Debug|Any CPU
		{65019B09-E5E8-482B-B35A-94F4BADF2D04}.Debug|ARM.Build.0 = Debug|Any CPU
		{65019B09-E5E8-482B-B35A-94F4BADF2D04}.Debug|ARM64.ActiveCfg = Debug|Any CPU
		{65019B09-E5E8-482B-B35A-94F4BADF2D04}.Debug|ARM64.Build.0 = Debug|Any CPU
		{65019B09-E5E8-482B-B35A-94F4BADF2D04}.Debug|x64.ActiveCfg = Debug|Any CPU
		{65019B09-E5E8-482B-B35A-94F4BADF2D04}.Debug|x64.Build.0 = Debug|Any CPU
		{65019B09-E5E8-482B-B35A-94F4BADF2D04}.Debug|x86.ActiveCfg = Debug|Any CPU
		{65019B09-E5E8-482B-B35A-94F4BADF2D04}.Debug|x86.Build.0 = Debug|Any CPU
		{65019B09-E5E8-482B-B35A-94F4BADF2D04}.Release|Any CPU.ActiveCfg = Release|Any CPU
		{65019B09-E5E8-482B-B35A-94F4BADF2D04}.Release|Any CPU.Build.0 = Release|Any CPU
		{65019B09-E5E8-482B-B35A-94F4BADF2D04}.Release|ARM.ActiveCfg = Release|Any CPU
		{65019B09-E5E8-482B-B35A-94F4BADF2D04}.Release|ARM.Build.0 = Release|Any CPU
		{65019B09-E5E8-482B-B35A-94F4BADF2D04}.Release|ARM64.ActiveCfg = Release|Any CPU
		{65019B09-E5E8-482B-B35A-94F4BADF2D04}.Release|ARM64.Build.0 = Release|Any CPU
		{65019B09-E5E8-482B-B35A-94F4BADF2D04}.Release|x64.ActiveCfg = Release|Any CPU
		{65019B09-E5E8-482B-B35A-94F4BADF2D04}.Release|x64.Build.0 = Release|Any CPU
		{65019B09-E5E8-482B-B35A-94F4BADF2D04}.Release|x86.ActiveCfg = Release|Any CPU
		{65019B09-E5E8-482B-B35A-94F4BADF2D04}.Release|x86.Build.0 = Release|Any CPU
		{69470010-A159-4C75-82E5-5B3F1F4EB317}.Debug|Any CPU.ActiveCfg = Debug|Any CPU
		{69470010-A159-4C75-82E5-5B3F1F4EB317}.Debug|Any CPU.Build.0 = Debug|Any CPU
		{69470010-A159-4C75-82E5-5B3F1F4EB317}.Debug|ARM.ActiveCfg = Debug|Any CPU
		{69470010-A159-4C75-82E5-5B3F1F4EB317}.Debug|ARM.Build.0 = Debug|Any CPU
		{69470010-A159-4C75-82E5-5B3F1F4EB317}.Debug|ARM64.ActiveCfg = Debug|Any CPU
		{69470010-A159-4C75-82E5-5B3F1F4EB317}.Debug|ARM64.Build.0 = Debug|Any CPU
		{69470010-A159-4C75-82E5-5B3F1F4EB317}.Debug|x64.ActiveCfg = Debug|Any CPU
		{69470010-A159-4C75-82E5-5B3F1F4EB317}.Debug|x64.Build.0 = Debug|Any CPU
		{69470010-A159-4C75-82E5-5B3F1F4EB317}.Debug|x86.ActiveCfg = Debug|Any CPU
		{69470010-A159-4C75-82E5-5B3F1F4EB317}.Debug|x86.Build.0 = Debug|Any CPU
		{69470010-A159-4C75-82E5-5B3F1F4EB317}.Release|Any CPU.ActiveCfg = Release|Any CPU
		{69470010-A159-4C75-82E5-5B3F1F4EB317}.Release|Any CPU.Build.0 = Release|Any CPU
		{69470010-A159-4C75-82E5-5B3F1F4EB317}.Release|ARM.ActiveCfg = Release|Any CPU
		{69470010-A159-4C75-82E5-5B3F1F4EB317}.Release|ARM.Build.0 = Release|Any CPU
		{69470010-A159-4C75-82E5-5B3F1F4EB317}.Release|ARM64.ActiveCfg = Release|Any CPU
		{69470010-A159-4C75-82E5-5B3F1F4EB317}.Release|ARM64.Build.0 = Release|Any CPU
		{69470010-A159-4C75-82E5-5B3F1F4EB317}.Release|x64.ActiveCfg = Release|Any CPU
		{69470010-A159-4C75-82E5-5B3F1F4EB317}.Release|x64.Build.0 = Release|Any CPU
		{69470010-A159-4C75-82E5-5B3F1F4EB317}.Release|x86.ActiveCfg = Release|Any CPU
		{69470010-A159-4C75-82E5-5B3F1F4EB317}.Release|x86.Build.0 = Release|Any CPU
	EndGlobalSection
	GlobalSection(SolutionProperties) = preSolution
		HideSolutionNode = FALSE
	EndGlobalSection
	GlobalSection(ExtensibilityGlobals) = postSolution
		SolutionGuid = {51A0D10A-C93D-4040-A0D4-26D2AA06FD5A}
	EndGlobalSection
EndGlobal
