
Microsoft Visual Studio Solution File, Format Version 12.00
# Visual Studio Version 16
VisualStudioVersion = 16.0.34407.143
MinimumVisualStudioVersion = 10.0.40219.1
Project("{FAE04EC0-301F-11D3-BF4B-00C04F79EFBC}") = "CDS", "CDS\CDS.csproj", "{65019B09-E5E8-482B-B35A-94F4BADF2D04}"
EndProject
Global
	GlobalSection(SolutionConfigurationPlatforms) = preSolution
		Debug|Any CPU = Debug|Any CPU
		Release|Any CPU = Release|Any CPU
	EndGlobalSection
	GlobalSection(ProjectConfigurationPlatforms) = postSolution
		{65019B09-E5E8-482B-B35A-94F4BADF2D04}.Debug|Any CPU.ActiveCfg = Debug|Any CPU
		{65019B09-E5E8-482B-B35A-94F4BADF2D04}.Debug|Any CPU.Build.0 = Debug|Any CPU
		{65019B09-E5E8-482B-B35A-94F4BADF2D04}.Release|Any CPU.ActiveCfg = Release|Any CPU
		{65019B09-E5E8-482B-B35A-94F4BADF2D04}.Release|Any CPU.Build.0 = Release|Any CPU
	EndGlobalSection
	GlobalSection(SolutionProperties) = preSolution
		HideSolutionNode = FALSE
	EndGlobalSection
	GlobalSection(ExtensibilityGlobals) = postSolution
		SolutionGuid = {51A0D10A-C93D-4040-A0D4-26D2AA06FD5A}
	EndGlobalSection
EndGlobal
